
Microsoft Visual Studio Solution File, Format Version 12.00
# Visual Studio Version 17
VisualStudioVersion = 17.4.33110.190
MinimumVisualStudioVersion = 10.0.40219.1
Project("{FAE04EC0-301F-11D3-BF4B-00C04F79EFBC}") = "GestoreEventi", "GestoreEventi\GestoreEventi.csproj", "{1A853923-640A-4B36-9A9F-A026369E7644}"
EndProject
Global
	GlobalSection(SolutionConfigurationPlatforms) = preSolution
		Debug|Any CPU = Debug|Any CPU
		Release|Any CPU = Release|Any CPU
	EndGlobalSection
	GlobalSection(ProjectConfigurationPlatforms) = postSolution
		{1A853923-640A-4B36-9A9F-A026369E7644}.Debug|Any CPU.ActiveCfg = Debug|Any CPU
		{1A853923-640A-4B36-9A9F-A026369E7644}.Debug|Any CPU.Build.0 = Debug|Any CPU
		{1A853923-640A-4B36-9A9F-A026369E7644}.Release|Any CPU.ActiveCfg = Release|Any CPU
		{1A853923-640A-4B36-9A9F-A026369E7644}.Release|Any CPU.Build.0 = Release|Any CPU
	EndGlobalSection
	GlobalSection(SolutionProperties) = preSolution
		HideSolutionNode = FALSE
	EndGlobalSection
	GlobalSection(ExtensibilityGlobals) = postSolution
		SolutionGuid = {8D121000-B9F4-4289-AAC5-48A62A000E5C}
	EndGlobalSection
EndGlobal
